
Microsoft Visual Studio Solution File, Format Version 12.00
# Visual Studio Version 16
VisualStudioVersion = 16.0.31424.327
MinimumVisualStudioVersion = 10.0.40219.1
Project("{9A19103F-16F7-4668-BE54-9A1E7A4F7556}") = "CoreDemo", "CoreDemo\CoreDemo.csproj", "{A1DDA859-6F80-4D9E-8E88-13A21BCAC59E}"
EndProject
Project("{FAE04EC0-301F-11D3-BF4B-00C04F79EFBC}") = "Entity", "Entity\Entity.csproj", "{9DDDCE1B-8D82-4CCE-B13C-AA89BCF3E34E}"
EndProject
Project("{FAE04EC0-301F-11D3-BF4B-00C04F79EFBC}") = "DataAccess", "DataAccess\DataAccess.csproj", "{07A6B76A-25C6-427A-8091-BFA31DA0B0AE}"
EndProject
Project("{FAE04EC0-301F-11D3-BF4B-00C04F79EFBC}") = "Business", "Business\Business.csproj", "{A25BBDA2-9F2B-49B8-B2EF-35579880E753}"
EndProject
Project("{FAE04EC0-301F-11D3-BF4B-00C04F79EFBC}") = "Core", "Core\Core.csproj", "{8F9BA4DF-7276-4AE7-AD2E-BFC97A91DA58}"
EndProject
Global
	GlobalSection(SolutionConfigurationPlatforms) = preSolution
		Debug|Any CPU = Debug|Any CPU
		Release|Any CPU = Release|Any CPU
	EndGlobalSection
	GlobalSection(ProjectConfigurationPlatforms) = postSolution
		{A1DDA859-6F80-4D9E-8E88-13A21BCAC59E}.Debug|Any CPU.ActiveCfg = Debug|Any CPU
		{A1DDA859-6F80-4D9E-8E88-13A21BCAC59E}.Debug|Any CPU.Build.0 = Debug|Any CPU
		{A1DDA859-6F80-4D9E-8E88-13A21BCAC59E}.Release|Any CPU.ActiveCfg = Release|Any CPU
		{A1DDA859-6F80-4D9E-8E88-13A21BCAC59E}.Release|Any CPU.Build.0 = Release|Any CPU
		{9DDDCE1B-8D82-4CCE-B13C-AA89BCF3E34E}.Debug|Any CPU.ActiveCfg = Debug|Any CPU
		{9DDDCE1B-8D82-4CCE-B13C-AA89BCF3E34E}.Debug|Any CPU.Build.0 = Debug|Any CPU
		{9DDDCE1B-8D82-4CCE-B13C-AA89BCF3E34E}.Release|Any CPU.ActiveCfg = Release|Any CPU
		{9DDDCE1B-8D82-4CCE-B13C-AA89BCF3E34E}.Release|Any CPU.Build.0 = Release|Any CPU
		{07A6B76A-25C6-427A-8091-BFA31DA0B0AE}.Debug|Any CPU.ActiveCfg = Debug|Any CPU
		{07A6B76A-25C6-427A-8091-BFA31DA0B0AE}.Debug|Any CPU.Build.0 = Debug|Any CPU
		{07A6B76A-25C6-427A-8091-BFA31DA0B0AE}.Release|Any CPU.ActiveCfg = Release|Any CPU
		{07A6B76A-25C6-427A-8091-BFA31DA0B0AE}.Release|Any CPU.Build.0 = Release|Any CPU
		{A25BBDA2-9F2B-49B8-B2EF-35579880E753}.Debug|Any CPU.ActiveCfg = Debug|Any CPU
		{A25BBDA2-9F2B-49B8-B2EF-35579880E753}.Debug|Any CPU.Build.0 = Debug|Any CPU
		{A25BBDA2-9F2B-49B8-B2EF-35579880E753}.Release|Any CPU.ActiveCfg = Release|Any CPU
		{A25BBDA2-9F2B-49B8-B2EF-35579880E753}.Release|Any CPU.Build.0 = Release|Any CPU
		{8F9BA4DF-7276-4AE7-AD2E-BFC97A91DA58}.Debug|Any CPU.ActiveCfg = Debug|Any CPU
		{8F9BA4DF-7276-4AE7-AD2E-BFC97A91DA58}.Debug|Any CPU.Build.0 = Debug|Any CPU
		{8F9BA4DF-7276-4AE7-AD2E-BFC97A91DA58}.Release|Any CPU.ActiveCfg = Release|Any CPU
		{8F9BA4DF-7276-4AE7-AD2E-BFC97A91DA58}.Release|Any CPU.Build.0 = Release|Any CPU
	EndGlobalSection
	GlobalSection(SolutionProperties) = preSolution
		HideSolutionNode = FALSE
	EndGlobalSection
	GlobalSection(ExtensibilityGlobals) = postSolution
		SolutionGuid = {E6DFC837-3A17-499B-94F2-1C3DD6DAA20A}
	EndGlobalSection
EndGlobal
